// !$*UTF8*$!
{
	archiveVersion = 1;
	classes = {
	};
	objectVersion = 51;
	objects = {

/* Begin PBXBuildFile section */
		2617B7836CE2BA99211B1101 /* Pods_FaqFeature_FaqFeatureUITests.framework in Frameworks */ = {isa = PBXBuildFile; fileRef = EB86444AF825DEFFFCAF3534 /* Pods_FaqFeature_FaqFeatureUITests.framework */; };
		798E3AB625CE018A00A324E3 /* SnowNavigationControllerViewController.swift in Sources */ = {isa = PBXBuildFile; fileRef = 798E3AB525CE018A00A324E3 /* SnowNavigationControllerViewController.swift */; };
		798E3ABB25CEEB0B00A324E3 /* UIFontExtension.swift in Sources */ = {isa = PBXBuildFile; fileRef = 798E3ABA25CEEB0B00A324E3 /* UIFontExtension.swift */; };
		798E3ABD25CEEB7B00A324E3 /* UIColorExtension.swift in Sources */ = {isa = PBXBuildFile; fileRef = 798E3ABC25CEEB7B00A324E3 /* UIColorExtension.swift */; };
		798E3ABF25CEFE6A00A324E3 /* SnowButton.swift in Sources */ = {isa = PBXBuildFile; fileRef = 798E3ABE25CEFE6A00A324E3 /* SnowButton.swift */; };
		798E3AC225CF06C300A324E3 /* FAQTableViewCell.swift in Sources */ = {isa = PBXBuildFile; fileRef = 798E3AC125CF06C300A324E3 /* FAQTableViewCell.swift */; };
		798E3ACD25CF23CF00A324E3 /* arial-rounded-mt.ttf in Resources */ = {isa = PBXBuildFile; fileRef = 798E3ACB25CF23CF00A324E3 /* arial-rounded-mt.ttf */; };
		798E3ACE25CF23CF00A324E3 /* arial-rounded-mt-bold.ttf in Resources */ = {isa = PBXBuildFile; fileRef = 798E3ACC25CF23CF00A324E3 /* arial-rounded-mt-bold.ttf */; };
		798E3AD125D199DB00A324E3 /* NewFAQViewController.swift in Sources */ = {isa = PBXBuildFile; fileRef = 798E3AD025D199DB00A324E3 /* NewFAQViewController.swift */; };
		798E3AD325D19B7B00A324E3 /* NewFAQView.swift in Sources */ = {isa = PBXBuildFile; fileRef = 798E3AD225D19B7B00A324E3 /* NewFAQView.swift */; };
		798E3AD525D1AD9F00A324E3 /* SnowBottomButton.swift in Sources */ = {isa = PBXBuildFile; fileRef = 798E3AD425D1AD9F00A324E3 /* SnowBottomButton.swift */; };
		798E3AD725D1AE7600A324E3 /* SnowTextView.swift in Sources */ = {isa = PBXBuildFile; fileRef = 798E3AD625D1AE7600A324E3 /* SnowTextView.swift */; };
		798E3AD925D1D0B600A324E3 /* SnowColorPickerView.swift in Sources */ = {isa = PBXBuildFile; fileRef = 798E3AD825D1D0B600A324E3 /* SnowColorPickerView.swift */; };
		79941F0825D2F9E300023C42 /* LoadingViewController.swift in Sources */ = {isa = PBXBuildFile; fileRef = 79941F0725D2F9E300023C42 /* LoadingViewController.swift */; };
		79941F0A25D305EC00023C42 /* UIColorConverter.swift in Sources */ = {isa = PBXBuildFile; fileRef = 79941F0925D305EC00023C42 /* UIColorConverter.swift */; };
		79A0E3CD25CDF0A7004185A0 /* AppDelegate.swift in Sources */ = {isa = PBXBuildFile; fileRef = 79A0E3CC25CDF0A7004185A0 /* AppDelegate.swift */; };
		79A0E3CF25CDF0A7004185A0 /* SceneDelegate.swift in Sources */ = {isa = PBXBuildFile; fileRef = 79A0E3CE25CDF0A7004185A0 /* SceneDelegate.swift */; };
		79A0E3D425CDF0A7004185A0 /* Main.storyboard in Resources */ = {isa = PBXBuildFile; fileRef = 79A0E3D225CDF0A7004185A0 /* Main.storyboard */; };
		79A0E3D625CDF0AB004185A0 /* Assets.xcassets in Resources */ = {isa = PBXBuildFile; fileRef = 79A0E3D525CDF0AB004185A0 /* Assets.xcassets */; };
		79A0E3D925CDF0AB004185A0 /* LaunchScreen.storyboard in Resources */ = {isa = PBXBuildFile; fileRef = 79A0E3D725CDF0AB004185A0 /* LaunchScreen.storyboard */; };
		79A0E3E425CDF0AB004185A0 /* FaqFeatureTests.swift in Sources */ = {isa = PBXBuildFile; fileRef = 79A0E3E325CDF0AB004185A0 /* FaqFeatureTests.swift */; };
		79A0E3EF25CDF0AB004185A0 /* FaqFeatureUITests.swift in Sources */ = {isa = PBXBuildFile; fileRef = 79A0E3EE25CDF0AB004185A0 /* FaqFeatureUITests.swift */; };
		79A0E3FD25CDF4CC004185A0 /* FAQListViewController.swift in Sources */ = {isa = PBXBuildFile; fileRef = 79A0E3FC25CDF4CC004185A0 /* FAQListViewController.swift */; };
		79A0E40125CDF646004185A0 /* FAQListView.swift in Sources */ = {isa = PBXBuildFile; fileRef = 79A0E40025CDF646004185A0 /* FAQListView.swift */; };
		79B4DDBC25D2D4BA00DC61FC /* GoogleService-Info.plist in Resources */ = {isa = PBXBuildFile; fileRef = 79B4DDBB25D2D4BA00DC61FC /* GoogleService-Info.plist */; };
		79B4DDC325D2D7E400DC61FC /* FAQModel.swift in Sources */ = {isa = PBXBuildFile; fileRef = 79B4DDC225D2D7E400DC61FC /* FAQModel.swift */; };
		79B4DDC525D2DC9000DC61FC /* FAQRepository.swift in Sources */ = {isa = PBXBuildFile; fileRef = 79B4DDC425D2DC9000DC61FC /* FAQRepository.swift */; };
		79B4DDC725D2EB9100DC61FC /* FAQListViewModel.swift in Sources */ = {isa = PBXBuildFile; fileRef = 79B4DDC625D2EB9100DC61FC /* FAQListViewModel.swift */; };
		79B4DDCA25D2EBBF00DC61FC /* NewFAQViewModel.swift in Sources */ = {isa = PBXBuildFile; fileRef = 79B4DDC925D2EBBF00DC61FC /* NewFAQViewModel.swift */; };
		79B4DDCC25D2EC5C00DC61FC /* Bindable.swift in Sources */ = {isa = PBXBuildFile; fileRef = 79B4DDCB25D2EC5C00DC61FC /* Bindable.swift */; };
		DDA057F31864BD7B51642B02 /* Pods_FaqFeatureTests.framework in Frameworks */ = {isa = PBXBuildFile; fileRef = EE74FC93F6589BE7DC8CBFD0 /* Pods_FaqFeatureTests.framework */; };
		FC2A2F33460BD5B6C4F3211E /* Pods_FaqFeature.framework in Frameworks */ = {isa = PBXBuildFile; fileRef = 1862EBBED7184031600EA51A /* Pods_FaqFeature.framework */; };
/* End PBXBuildFile section */

/* Begin PBXContainerItemProxy section */
		79A0E3E025CDF0AB004185A0 /* PBXContainerItemProxy */ = {
			isa = PBXContainerItemProxy;
			containerPortal = 79A0E3C125CDF0A7004185A0 /* Project object */;
			proxyType = 1;
			remoteGlobalIDString = 79A0E3C825CDF0A7004185A0;
			remoteInfo = FaqFeature;
		};
		79A0E3EB25CDF0AB004185A0 /* PBXContainerItemProxy */ = {
			isa = PBXContainerItemProxy;
			containerPortal = 79A0E3C125CDF0A7004185A0 /* Project object */;
			proxyType = 1;
			remoteGlobalIDString = 79A0E3C825CDF0A7004185A0;
			remoteInfo = FaqFeature;
		};
/* End PBXContainerItemProxy section */

/* Begin PBXFileReference section */
		1862EBBED7184031600EA51A /* Pods_FaqFeature.framework */ = {isa = PBXFileReference; explicitFileType = wrapper.framework; includeInIndex = 0; path = Pods_FaqFeature.framework; sourceTree = BUILT_PRODUCTS_DIR; };
		312E5519A4BCEDC91039B90E /* Pods-FaqFeatureTests.release.xcconfig */ = {isa = PBXFileReference; includeInIndex = 1; lastKnownFileType = text.xcconfig; name = "Pods-FaqFeatureTests.release.xcconfig"; path = "Target Support Files/Pods-FaqFeatureTests/Pods-FaqFeatureTests.release.xcconfig"; sourceTree = "<group>"; };
		420716BCBB37E672E87828AA /* Pods-FaqFeature.debug.xcconfig */ = {isa = PBXFileReference; includeInIndex = 1; lastKnownFileType = text.xcconfig; name = "Pods-FaqFeature.debug.xcconfig"; path = "Target Support Files/Pods-FaqFeature/Pods-FaqFeature.debug.xcconfig"; sourceTree = "<group>"; };
		5EAC88B2E0BFD60039A272E4 /* Pods-FaqFeature.release.xcconfig */ = {isa = PBXFileReference; includeInIndex = 1; lastKnownFileType = text.xcconfig; name = "Pods-FaqFeature.release.xcconfig"; path = "Target Support Files/Pods-FaqFeature/Pods-FaqFeature.release.xcconfig"; sourceTree = "<group>"; };
		672782179ED4F292B189B4BB /* Pods-FaqFeatureTests.debug.xcconfig */ = {isa = PBXFileReference; includeInIndex = 1; lastKnownFileType = text.xcconfig; name = "Pods-FaqFeatureTests.debug.xcconfig"; path = "Target Support Files/Pods-FaqFeatureTests/Pods-FaqFeatureTests.debug.xcconfig"; sourceTree = "<group>"; };
		798E3AB525CE018A00A324E3 /* SnowNavigationControllerViewController.swift */ = {isa = PBXFileReference; lastKnownFileType = sourcecode.swift; path = SnowNavigationControllerViewController.swift; sourceTree = "<group>"; };
		798E3ABA25CEEB0B00A324E3 /* UIFontExtension.swift */ = {isa = PBXFileReference; lastKnownFileType = sourcecode.swift; path = UIFontExtension.swift; sourceTree = "<group>"; };
		798E3ABC25CEEB7B00A324E3 /* UIColorExtension.swift */ = {isa = PBXFileReference; lastKnownFileType = sourcecode.swift; path = UIColorExtension.swift; sourceTree = "<group>"; };
		798E3ABE25CEFE6A00A324E3 /* SnowButton.swift */ = {isa = PBXFileReference; lastKnownFileType = sourcecode.swift; path = SnowButton.swift; sourceTree = "<group>"; };
		798E3AC125CF06C300A324E3 /* FAQTableViewCell.swift */ = {isa = PBXFileReference; lastKnownFileType = sourcecode.swift; path = FAQTableViewCell.swift; sourceTree = "<group>"; };
		798E3ACB25CF23CF00A324E3 /* arial-rounded-mt.ttf */ = {isa = PBXFileReference; lastKnownFileType = file; path = "arial-rounded-mt.ttf"; sourceTree = "<group>"; };
		798E3ACC25CF23CF00A324E3 /* arial-rounded-mt-bold.ttf */ = {isa = PBXFileReference; lastKnownFileType = file; path = "arial-rounded-mt-bold.ttf"; sourceTree = "<group>"; };
		798E3AD025D199DB00A324E3 /* NewFAQViewController.swift */ = {isa = PBXFileReference; lastKnownFileType = sourcecode.swift; path = NewFAQViewController.swift; sourceTree = "<group>"; };
		798E3AD225D19B7B00A324E3 /* NewFAQView.swift */ = {isa = PBXFileReference; lastKnownFileType = sourcecode.swift; path = NewFAQView.swift; sourceTree = "<group>"; };
		798E3AD425D1AD9F00A324E3 /* SnowBottomButton.swift */ = {isa = PBXFileReference; lastKnownFileType = sourcecode.swift; path = SnowBottomButton.swift; sourceTree = "<group>"; };
		798E3AD625D1AE7600A324E3 /* SnowTextView.swift */ = {isa = PBXFileReference; lastKnownFileType = sourcecode.swift; path = SnowTextView.swift; sourceTree = "<group>"; };
		798E3AD825D1D0B600A324E3 /* SnowColorPickerView.swift */ = {isa = PBXFileReference; lastKnownFileType = sourcecode.swift; path = SnowColorPickerView.swift; sourceTree = "<group>"; };
		79941F0725D2F9E300023C42 /* LoadingViewController.swift */ = {isa = PBXFileReference; lastKnownFileType = sourcecode.swift; path = LoadingViewController.swift; sourceTree = "<group>"; };
		79941F0925D305EC00023C42 /* UIColorConverter.swift */ = {isa = PBXFileReference; lastKnownFileType = sourcecode.swift; path = UIColorConverter.swift; sourceTree = "<group>"; };
		79A0E3C925CDF0A7004185A0 /* FaqFeature.app */ = {isa = PBXFileReference; explicitFileType = wrapper.application; includeInIndex = 0; path = FaqFeature.app; sourceTree = BUILT_PRODUCTS_DIR; };
		79A0E3CC25CDF0A7004185A0 /* AppDelegate.swift */ = {isa = PBXFileReference; lastKnownFileType = sourcecode.swift; path = AppDelegate.swift; sourceTree = "<group>"; };
		79A0E3CE25CDF0A7004185A0 /* SceneDelegate.swift */ = {isa = PBXFileReference; lastKnownFileType = sourcecode.swift; path = SceneDelegate.swift; sourceTree = "<group>"; };
		79A0E3D325CDF0A7004185A0 /* Base */ = {isa = PBXFileReference; lastKnownFileType = file.storyboard; name = Base; path = Base.lproj/Main.storyboard; sourceTree = "<group>"; };
		79A0E3D525CDF0AB004185A0 /* Assets.xcassets */ = {isa = PBXFileReference; lastKnownFileType = folder.assetcatalog; path = Assets.xcassets; sourceTree = "<group>"; };
		79A0E3D825CDF0AB004185A0 /* Base */ = {isa = PBXFileReference; lastKnownFileType = file.storyboard; name = Base; path = Base.lproj/LaunchScreen.storyboard; sourceTree = "<group>"; };
		79A0E3DA25CDF0AB004185A0 /* Info.plist */ = {isa = PBXFileReference; lastKnownFileType = text.plist.xml; path = Info.plist; sourceTree = "<group>"; };
		79A0E3DF25CDF0AB004185A0 /* FaqFeatureTests.xctest */ = {isa = PBXFileReference; explicitFileType = wrapper.cfbundle; includeInIndex = 0; path = FaqFeatureTests.xctest; sourceTree = BUILT_PRODUCTS_DIR; };
		79A0E3E325CDF0AB004185A0 /* FaqFeatureTests.swift */ = {isa = PBXFileReference; lastKnownFileType = sourcecode.swift; path = FaqFeatureTests.swift; sourceTree = "<group>"; };
		79A0E3E525CDF0AB004185A0 /* Info.plist */ = {isa = PBXFileReference; lastKnownFileType = text.plist.xml; path = Info.plist; sourceTree = "<group>"; };
		79A0E3EA25CDF0AB004185A0 /* FaqFeatureUITests.xctest */ = {isa = PBXFileReference; explicitFileType = wrapper.cfbundle; includeInIndex = 0; path = FaqFeatureUITests.xctest; sourceTree = BUILT_PRODUCTS_DIR; };
		79A0E3EE25CDF0AB004185A0 /* FaqFeatureUITests.swift */ = {isa = PBXFileReference; lastKnownFileType = sourcecode.swift; path = FaqFeatureUITests.swift; sourceTree = "<group>"; };
		79A0E3F025CDF0AB004185A0 /* Info.plist */ = {isa = PBXFileReference; lastKnownFileType = text.plist.xml; path = Info.plist; sourceTree = "<group>"; };
		79A0E3FC25CDF4CC004185A0 /* FAQListViewController.swift */ = {isa = PBXFileReference; lastKnownFileType = sourcecode.swift; path = FAQListViewController.swift; sourceTree = "<group>"; };
		79A0E40025CDF646004185A0 /* FAQListView.swift */ = {isa = PBXFileReference; lastKnownFileType = sourcecode.swift; path = FAQListView.swift; sourceTree = "<group>"; };
		79B4DDBB25D2D4BA00DC61FC /* GoogleService-Info.plist */ = {isa = PBXFileReference; fileEncoding = 4; lastKnownFileType = text.plist.xml; path = "GoogleService-Info.plist"; sourceTree = "<group>"; };
		79B4DDC225D2D7E400DC61FC /* FAQModel.swift */ = {isa = PBXFileReference; lastKnownFileType = sourcecode.swift; path = FAQModel.swift; sourceTree = "<group>"; };
		79B4DDC425D2DC9000DC61FC /* FAQRepository.swift */ = {isa = PBXFileReference; lastKnownFileType = sourcecode.swift; path = FAQRepository.swift; sourceTree = "<group>"; };
		79B4DDC625D2EB9100DC61FC /* FAQListViewModel.swift */ = {isa = PBXFileReference; lastKnownFileType = sourcecode.swift; path = FAQListViewModel.swift; sourceTree = "<group>"; };
		79B4DDC925D2EBBF00DC61FC /* NewFAQViewModel.swift */ = {isa = PBXFileReference; lastKnownFileType = sourcecode.swift; path = NewFAQViewModel.swift; sourceTree = "<group>"; };
		79B4DDCB25D2EC5C00DC61FC /* Bindable.swift */ = {isa = PBXFileReference; lastKnownFileType = sourcecode.swift; path = Bindable.swift; sourceTree = "<group>"; };
		BF1D1DA9B92AE0BC117E9BFF /* Pods-FaqFeature-FaqFeatureUITests.debug.xcconfig */ = {isa = PBXFileReference; includeInIndex = 1; lastKnownFileType = text.xcconfig; name = "Pods-FaqFeature-FaqFeatureUITests.debug.xcconfig"; path = "Target Support Files/Pods-FaqFeature-FaqFeatureUITests/Pods-FaqFeature-FaqFeatureUITests.debug.xcconfig"; sourceTree = "<group>"; };
		EB86444AF825DEFFFCAF3534 /* Pods_FaqFeature_FaqFeatureUITests.framework */ = {isa = PBXFileReference; explicitFileType = wrapper.framework; includeInIndex = 0; path = Pods_FaqFeature_FaqFeatureUITests.framework; sourceTree = BUILT_PRODUCTS_DIR; };
		EC817141E0ECFABC2CCD2F6F /* Pods-FaqFeature-FaqFeatureUITests.release.xcconfig */ = {isa = PBXFileReference; includeInIndex = 1; lastKnownFileType = text.xcconfig; name = "Pods-FaqFeature-FaqFeatureUITests.release.xcconfig"; path = "Target Support Files/Pods-FaqFeature-FaqFeatureUITests/Pods-FaqFeature-FaqFeatureUITests.release.xcconfig"; sourceTree = "<group>"; };
		EE74FC93F6589BE7DC8CBFD0 /* Pods_FaqFeatureTests.framework */ = {isa = PBXFileReference; explicitFileType = wrapper.framework; includeInIndex = 0; path = Pods_FaqFeatureTests.framework; sourceTree = BUILT_PRODUCTS_DIR; };
/* End PBXFileReference section */

/* Begin PBXFrameworksBuildPhase section */
		79A0E3C625CDF0A7004185A0 /* Frameworks */ = {
			isa = PBXFrameworksBuildPhase;
			buildActionMask = 2147483647;
			files = (
				FC2A2F33460BD5B6C4F3211E /* Pods_FaqFeature.framework in Frameworks */,
			);
			runOnlyForDeploymentPostprocessing = 0;
		};
		79A0E3DC25CDF0AB004185A0 /* Frameworks */ = {
			isa = PBXFrameworksBuildPhase;
			buildActionMask = 2147483647;
			files = (
				DDA057F31864BD7B51642B02 /* Pods_FaqFeatureTests.framework in Frameworks */,
			);
			runOnlyForDeploymentPostprocessing = 0;
		};
		79A0E3E725CDF0AB004185A0 /* Frameworks */ = {
			isa = PBXFrameworksBuildPhase;
			buildActionMask = 2147483647;
			files = (
				2617B7836CE2BA99211B1101 /* Pods_FaqFeature_FaqFeatureUITests.framework in Frameworks */,
			);
			runOnlyForDeploymentPostprocessing = 0;
		};
/* End PBXFrameworksBuildPhase section */

/* Begin PBXGroup section */
		3750962B9E088B254FB55BE5 /* Frameworks */ = {
			isa = PBXGroup;
			children = (
				1862EBBED7184031600EA51A /* Pods_FaqFeature.framework */,
				EB86444AF825DEFFFCAF3534 /* Pods_FaqFeature_FaqFeatureUITests.framework */,
				EE74FC93F6589BE7DC8CBFD0 /* Pods_FaqFeatureTests.framework */,
			);
			name = Frameworks;
			sourceTree = "<group>";
		};
		5201510779467CC4E9A42A1A /* Pods */ = {
			isa = PBXGroup;
			children = (
				420716BCBB37E672E87828AA /* Pods-FaqFeature.debug.xcconfig */,
				5EAC88B2E0BFD60039A272E4 /* Pods-FaqFeature.release.xcconfig */,
				BF1D1DA9B92AE0BC117E9BFF /* Pods-FaqFeature-FaqFeatureUITests.debug.xcconfig */,
				EC817141E0ECFABC2CCD2F6F /* Pods-FaqFeature-FaqFeatureUITests.release.xcconfig */,
				672782179ED4F292B189B4BB /* Pods-FaqFeatureTests.debug.xcconfig */,
				312E5519A4BCEDC91039B90E /* Pods-FaqFeatureTests.release.xcconfig */,
			);
			path = Pods;
			sourceTree = "<group>";
		};
		798E3AB425CE017000A324E3 /* Components */ = {
			isa = PBXGroup;
			children = (
				798E3AB525CE018A00A324E3 /* SnowNavigationControllerViewController.swift */,
				798E3ABE25CEFE6A00A324E3 /* SnowButton.swift */,
				798E3AD425D1AD9F00A324E3 /* SnowBottomButton.swift */,
				798E3AD625D1AE7600A324E3 /* SnowTextView.swift */,
				798E3AD825D1D0B600A324E3 /* SnowColorPickerView.swift */,
				79941F0725D2F9E300023C42 /* LoadingViewController.swift */,
			);
			path = Components;
			sourceTree = "<group>";
		};
		798E3AB925CEEAF900A324E3 /* Extensions */ = {
			isa = PBXGroup;
			children = (
				798E3ABA25CEEB0B00A324E3 /* UIFontExtension.swift */,
				798E3ABC25CEEB7B00A324E3 /* UIColorExtension.swift */,
			);
			path = Extensions;
			sourceTree = "<group>";
		};
		798E3AC025CF063500A324E3 /* Cells */ = {
			isa = PBXGroup;
			children = (
				798E3AC125CF06C300A324E3 /* FAQTableViewCell.swift */,
			);
			path = Cells;
			sourceTree = "<group>";
		};
		798E3AC325CF232600A324E3 /* Resources */ = {
			isa = PBXGroup;
			children = (
				798E3AC425CF233500A324E3 /* Fonts */,
				79A0E3D525CDF0AB004185A0 /* Assets.xcassets */,
			);
			path = Resources;
			sourceTree = "<group>";
		};
		798E3AC425CF233500A324E3 /* Fonts */ = {
			isa = PBXGroup;
			children = (
				798E3ACC25CF23CF00A324E3 /* arial-rounded-mt-bold.ttf */,
				798E3ACB25CF23CF00A324E3 /* arial-rounded-mt.ttf */,
			);
			path = Fonts;
			sourceTree = "<group>";
		};
		798E3ACF25D199BD00A324E3 /* NewFAQ */ = {
			isa = PBXGroup;
			children = (
				798E3AD025D199DB00A324E3 /* NewFAQViewController.swift */,
				798E3AD225D19B7B00A324E3 /* NewFAQView.swift */,
			);
			path = NewFAQ;
			sourceTree = "<group>";
		};
		79A0E3C025CDF0A7004185A0 = {
			isa = PBXGroup;
			children = (
				79A0E3CB25CDF0A7004185A0 /* FaqFeature */,
				79A0E3E225CDF0AB004185A0 /* FaqFeatureTests */,
				79A0E3ED25CDF0AB004185A0 /* FaqFeatureUITests */,
				79A0E3CA25CDF0A7004185A0 /* Products */,
				5201510779467CC4E9A42A1A /* Pods */,
				3750962B9E088B254FB55BE5 /* Frameworks */,
			);
			sourceTree = "<group>";
		};
		79A0E3CA25CDF0A7004185A0 /* Products */ = {
			isa = PBXGroup;
			children = (
				79A0E3C925CDF0A7004185A0 /* FaqFeature.app */,
				79A0E3DF25CDF0AB004185A0 /* FaqFeatureTests.xctest */,
				79A0E3EA25CDF0AB004185A0 /* FaqFeatureUITests.xctest */,
			);
			name = Products;
			sourceTree = "<group>";
		};
		79A0E3CB25CDF0A7004185A0 /* FaqFeature */ = {
			isa = PBXGroup;
			children = (
				79B4DDC825D2EBA500DC61FC /* Util */,
				79B4DDC125D2D7C600DC61FC /* Model */,
				79B4DDBE25D2D67E00DC61FC /* Repository */,
				79B4DDBD25D2D66B00DC61FC /* ViewModel */,
				798E3AC325CF232600A324E3 /* Resources */,
				798E3AB925CEEAF900A324E3 /* Extensions */,
				798E3AB425CE017000A324E3 /* Components */,
				79A0E3FE25CDF526004185A0 /* Scenes */,
				79A0E3CC25CDF0A7004185A0 /* AppDelegate.swift */,
				79A0E3CE25CDF0A7004185A0 /* SceneDelegate.swift */,
				79A0E3D225CDF0A7004185A0 /* Main.storyboard */,
				79A0E3D725CDF0AB004185A0 /* LaunchScreen.storyboard */,
				79A0E3DA25CDF0AB004185A0 /* Info.plist */,
				79B4DDBB25D2D4BA00DC61FC /* GoogleService-Info.plist */,
			);
			path = FaqFeature;
			sourceTree = "<group>";
		};
		79A0E3E225CDF0AB004185A0 /* FaqFeatureTests */ = {
			isa = PBXGroup;
			children = (
				79A0E3E325CDF0AB004185A0 /* FaqFeatureTests.swift */,
				79A0E3E525CDF0AB004185A0 /* Info.plist */,
			);
			path = FaqFeatureTests;
			sourceTree = "<group>";
		};
		79A0E3ED25CDF0AB004185A0 /* FaqFeatureUITests */ = {
			isa = PBXGroup;
			children = (
				79A0E3EE25CDF0AB004185A0 /* FaqFeatureUITests.swift */,
				79A0E3F025CDF0AB004185A0 /* Info.plist */,
			);
			path = FaqFeatureUITests;
			sourceTree = "<group>";
		};
		79A0E3FE25CDF526004185A0 /* Scenes */ = {
			isa = PBXGroup;
			children = (
				798E3ACF25D199BD00A324E3 /* NewFAQ */,
				79A0E3FF25CDF55E004185A0 /* FAQList */,
			);
			path = Scenes;
			sourceTree = "<group>";
		};
		79A0E3FF25CDF55E004185A0 /* FAQList */ = {
			isa = PBXGroup;
			children = (
				798E3AC025CF063500A324E3 /* Cells */,
				79A0E3FC25CDF4CC004185A0 /* FAQListViewController.swift */,
				79A0E40025CDF646004185A0 /* FAQListView.swift */,
			);
			path = FAQList;
			sourceTree = "<group>";
		};
		79B4DDBD25D2D66B00DC61FC /* ViewModel */ = {
			isa = PBXGroup;
			children = (
				79B4DDC625D2EB9100DC61FC /* FAQListViewModel.swift */,
				79B4DDC925D2EBBF00DC61FC /* NewFAQViewModel.swift */,
			);
			path = ViewModel;
			sourceTree = "<group>";
		};
		79B4DDBE25D2D67E00DC61FC /* Repository */ = {
			isa = PBXGroup;
			children = (
				79B4DDC425D2DC9000DC61FC /* FAQRepository.swift */,
			);
			path = Repository;
			sourceTree = "<group>";
		};
		79B4DDC125D2D7C600DC61FC /* Model */ = {
			isa = PBXGroup;
			children = (
				79B4DDC225D2D7E400DC61FC /* FAQModel.swift */,
			);
			path = Model;
			sourceTree = "<group>";
		};
		79B4DDC825D2EBA500DC61FC /* Util */ = {
			isa = PBXGroup;
			children = (
				79B4DDCB25D2EC5C00DC61FC /* Bindable.swift */,
				79941F0925D305EC00023C42 /* UIColorConverter.swift */,
			);
			path = Util;
			sourceTree = "<group>";
		};
/* End PBXGroup section */

/* Begin PBXNativeTarget section */
		79A0E3C825CDF0A7004185A0 /* FaqFeature */ = {
			isa = PBXNativeTarget;
			buildConfigurationList = 79A0E3F325CDF0AB004185A0 /* Build configuration list for PBXNativeTarget "FaqFeature" */;
			buildPhases = (
				6E1888B7C3C734C9EA76207F /* [CP] Check Pods Manifest.lock */,
				79A0E3C525CDF0A7004185A0 /* Sources */,
				79A0E3C625CDF0A7004185A0 /* Frameworks */,
				79A0E3C725CDF0A7004185A0 /* Resources */,
				A559812A2548430CDA13A76B /* [CP] Embed Pods Frameworks */,
			);
			buildRules = (
			);
			dependencies = (
			);
			name = FaqFeature;
			productName = FaqFeature;
			productReference = 79A0E3C925CDF0A7004185A0 /* FaqFeature.app */;
			productType = "com.apple.product-type.application";
		};
		79A0E3DE25CDF0AB004185A0 /* FaqFeatureTests */ = {
			isa = PBXNativeTarget;
			buildConfigurationList = 79A0E3F625CDF0AB004185A0 /* Build configuration list for PBXNativeTarget "FaqFeatureTests" */;
			buildPhases = (
				22D9B4C6079713BEFAF6C9DD /* [CP] Check Pods Manifest.lock */,
				79A0E3DB25CDF0AB004185A0 /* Sources */,
				79A0E3DC25CDF0AB004185A0 /* Frameworks */,
				79A0E3DD25CDF0AB004185A0 /* Resources */,
			);
			buildRules = (
			);
			dependencies = (
				79A0E3E125CDF0AB004185A0 /* PBXTargetDependency */,
			);
			name = FaqFeatureTests;
			productName = FaqFeatureTests;
			productReference = 79A0E3DF25CDF0AB004185A0 /* FaqFeatureTests.xctest */;
			productType = "com.apple.product-type.bundle.unit-test";
		};
		79A0E3E925CDF0AB004185A0 /* FaqFeatureUITests */ = {
			isa = PBXNativeTarget;
			buildConfigurationList = 79A0E3F925CDF0AB004185A0 /* Build configuration list for PBXNativeTarget "FaqFeatureUITests" */;
			buildPhases = (
				617D40ACAA3E2E732304A57C /* [CP] Check Pods Manifest.lock */,
				79A0E3E625CDF0AB004185A0 /* Sources */,
				79A0E3E725CDF0AB004185A0 /* Frameworks */,
				79A0E3E825CDF0AB004185A0 /* Resources */,
				31EBFB767C3566C2C143C26C /* [CP] Embed Pods Frameworks */,
			);
			buildRules = (
			);
			dependencies = (
				79A0E3EC25CDF0AB004185A0 /* PBXTargetDependency */,
			);
			name = FaqFeatureUITests;
			productName = FaqFeatureUITests;
			productReference = 79A0E3EA25CDF0AB004185A0 /* FaqFeatureUITests.xctest */;
			productType = "com.apple.product-type.bundle.ui-testing";
		};
/* End PBXNativeTarget section */

/* Begin PBXProject section */
		79A0E3C125CDF0A7004185A0 /* Project object */ = {
			isa = PBXProject;
			attributes = {
				LastSwiftUpdateCheck = 1170;
				LastUpgradeCheck = 1170;
				ORGANIZATIONNAME = "Islas Girão Garcia";
				TargetAttributes = {
					79A0E3C825CDF0A7004185A0 = {
						CreatedOnToolsVersion = 11.7;
					};
					79A0E3DE25CDF0AB004185A0 = {
						CreatedOnToolsVersion = 11.7;
						TestTargetID = 79A0E3C825CDF0A7004185A0;
					};
					79A0E3E925CDF0AB004185A0 = {
						CreatedOnToolsVersion = 11.7;
						TestTargetID = 79A0E3C825CDF0A7004185A0;
					};
				};
			};
			buildConfigurationList = 79A0E3C425CDF0A7004185A0 /* Build configuration list for PBXProject "FaqFeature" */;
			compatibilityVersion = "Xcode 9.3";
			developmentRegion = en;
			hasScannedForEncodings = 0;
			knownRegions = (
				en,
				Base,
			);
			mainGroup = 79A0E3C025CDF0A7004185A0;
			productRefGroup = 79A0E3CA25CDF0A7004185A0 /* Products */;
			projectDirPath = "";
			projectRoot = "";
			targets = (
				79A0E3C825CDF0A7004185A0 /* FaqFeature */,
				79A0E3DE25CDF0AB004185A0 /* FaqFeatureTests */,
				79A0E3E925CDF0AB004185A0 /* FaqFeatureUITests */,
			);
		};
/* End PBXProject section */

/* Begin PBXResourcesBuildPhase section */
		79A0E3C725CDF0A7004185A0 /* Resources */ = {
			isa = PBXResourcesBuildPhase;
			buildActionMask = 2147483647;
			files = (
				79A0E3D925CDF0AB004185A0 /* LaunchScreen.storyboard in Resources */,
				798E3ACD25CF23CF00A324E3 /* arial-rounded-mt.ttf in Resources */,
				79A0E3D625CDF0AB004185A0 /* Assets.xcassets in Resources */,
				79A0E3D425CDF0A7004185A0 /* Main.storyboard in Resources */,
				798E3ACE25CF23CF00A324E3 /* arial-rounded-mt-bold.ttf in Resources */,
				79B4DDBC25D2D4BA00DC61FC /* GoogleService-Info.plist in Resources */,
			);
			runOnlyForDeploymentPostprocessing = 0;
		};
		79A0E3DD25CDF0AB004185A0 /* Resources */ = {
			isa = PBXResourcesBuildPhase;
			buildActionMask = 2147483647;
			files = (
			);
			runOnlyForDeploymentPostprocessing = 0;
		};
		79A0E3E825CDF0AB004185A0 /* Resources */ = {
			isa = PBXResourcesBuildPhase;
			buildActionMask = 2147483647;
			files = (
			);
			runOnlyForDeploymentPostprocessing = 0;
		};
/* End PBXResourcesBuildPhase section */

/* Begin PBXShellScriptBuildPhase section */
		22D9B4C6079713BEFAF6C9DD /* [CP] Check Pods Manifest.lock */ = {
			isa = PBXShellScriptBuildPhase;
			buildActionMask = 2147483647;
			files = (
			);
			inputFileListPaths = (
			);
			inputPaths = (
				"${PODS_PODFILE_DIR_PATH}/Podfile.lock",
				"${PODS_ROOT}/Manifest.lock",
			);
			name = "[CP] Check Pods Manifest.lock";
			outputFileListPaths = (
			);
			outputPaths = (
				"$(DERIVED_FILE_DIR)/Pods-FaqFeatureTests-checkManifestLockResult.txt",
			);
			runOnlyForDeploymentPostprocessing = 0;
			shellPath = /bin/sh;
			shellScript = "diff \"${PODS_PODFILE_DIR_PATH}/Podfile.lock\" \"${PODS_ROOT}/Manifest.lock\" > /dev/null\nif [ $? != 0 ] ; then\n    # print error to STDERR\n    echo \"error: The sandbox is not in sync with the Podfile.lock. Run 'pod install' or update your CocoaPods installation.\" >&2\n    exit 1\nfi\n# This output is used by Xcode 'outputs' to avoid re-running this script phase.\necho \"SUCCESS\" > \"${SCRIPT_OUTPUT_FILE_0}\"\n";
			showEnvVarsInLog = 0;
		};
		31EBFB767C3566C2C143C26C /* [CP] Embed Pods Frameworks */ = {
			isa = PBXShellScriptBuildPhase;
			buildActionMask = 2147483647;
			files = (
			);
			inputFileListPaths = (
				"${PODS_ROOT}/Target Support Files/Pods-FaqFeature-FaqFeatureUITests/Pods-FaqFeature-FaqFeatureUITests-frameworks-${CONFIGURATION}-input-files.xcfilelist",
			);
			name = "[CP] Embed Pods Frameworks";
			outputFileListPaths = (
				"${PODS_ROOT}/Target Support Files/Pods-FaqFeature-FaqFeatureUITests/Pods-FaqFeature-FaqFeatureUITests-frameworks-${CONFIGURATION}-output-files.xcfilelist",
			);
			runOnlyForDeploymentPostprocessing = 0;
			shellPath = /bin/sh;
			shellScript = "\"${PODS_ROOT}/Target Support Files/Pods-FaqFeature-FaqFeatureUITests/Pods-FaqFeature-FaqFeatureUITests-frameworks.sh\"\n";
			showEnvVarsInLog = 0;
		};
		617D40ACAA3E2E732304A57C /* [CP] Check Pods Manifest.lock */ = {
			isa = PBXShellScriptBuildPhase;
			buildActionMask = 2147483647;
			files = (
			);
			inputFileListPaths = (
			);
			inputPaths = (
				"${PODS_PODFILE_DIR_PATH}/Podfile.lock",
				"${PODS_ROOT}/Manifest.lock",
			);
			name = "[CP] Check Pods Manifest.lock";
			outputFileListPaths = (
			);
			outputPaths = (
				"$(DERIVED_FILE_DIR)/Pods-FaqFeature-FaqFeatureUITests-checkManifestLockResult.txt",
			);
			runOnlyForDeploymentPostprocessing = 0;
			shellPath = /bin/sh;
			shellScript = "diff \"${PODS_PODFILE_DIR_PATH}/Podfile.lock\" \"${PODS_ROOT}/Manifest.lock\" > /dev/null\nif [ $? != 0 ] ; then\n    # print error to STDERR\n    echo \"error: The sandbox is not in sync with the Podfile.lock. Run 'pod install' or update your CocoaPods installation.\" >&2\n    exit 1\nfi\n# This output is used by Xcode 'outputs' to avoid re-running this script phase.\necho \"SUCCESS\" > \"${SCRIPT_OUTPUT_FILE_0}\"\n";
			showEnvVarsInLog = 0;
		};
		6E1888B7C3C734C9EA76207F /* [CP] Check Pods Manifest.lock */ = {
			isa = PBXShellScriptBuildPhase;
			buildActionMask = 2147483647;
			files = (
			);
			inputFileListPaths = (
			);
			inputPaths = (
				"${PODS_PODFILE_DIR_PATH}/Podfile.lock",
				"${PODS_ROOT}/Manifest.lock",
			);
			name = "[CP] Check Pods Manifest.lock";
			outputFileListPaths = (
			);
			outputPaths = (
				"$(DERIVED_FILE_DIR)/Pods-FaqFeature-checkManifestLockResult.txt",
			);
			runOnlyForDeploymentPostprocessing = 0;
			shellPath = /bin/sh;
			shellScript = "diff \"${PODS_PODFILE_DIR_PATH}/Podfile.lock\" \"${PODS_ROOT}/Manifest.lock\" > /dev/null\nif [ $? != 0 ] ; then\n    # print error to STDERR\n    echo \"error: The sandbox is not in sync with the Podfile.lock. Run 'pod install' or update your CocoaPods installation.\" >&2\n    exit 1\nfi\n# This output is used by Xcode 'outputs' to avoid re-running this script phase.\necho \"SUCCESS\" > \"${SCRIPT_OUTPUT_FILE_0}\"\n";
			showEnvVarsInLog = 0;
		};
		A559812A2548430CDA13A76B /* [CP] Embed Pods Frameworks */ = {
			isa = PBXShellScriptBuildPhase;
			buildActionMask = 2147483647;
			files = (
			);
			inputFileListPaths = (
				"${PODS_ROOT}/Target Support Files/Pods-FaqFeature/Pods-FaqFeature-frameworks-${CONFIGURATION}-input-files.xcfilelist",
			);
			name = "[CP] Embed Pods Frameworks";
			outputFileListPaths = (
				"${PODS_ROOT}/Target Support Files/Pods-FaqFeature/Pods-FaqFeature-frameworks-${CONFIGURATION}-output-files.xcfilelist",
			);
			runOnlyForDeploymentPostprocessing = 0;
			shellPath = /bin/sh;
			shellScript = "\"${PODS_ROOT}/Target Support Files/Pods-FaqFeature/Pods-FaqFeature-frameworks.sh\"\n";
			showEnvVarsInLog = 0;
		};
/* End PBXShellScriptBuildPhase section */

/* Begin PBXSourcesBuildPhase section */
		79A0E3C525CDF0A7004185A0 /* Sources */ = {
			isa = PBXSourcesBuildPhase;
			buildActionMask = 2147483647;
			files = (
				79A0E3CD25CDF0A7004185A0 /* AppDelegate.swift in Sources */,
				798E3ABD25CEEB7B00A324E3 /* UIColorExtension.swift in Sources */,
				79B4DDCC25D2EC5C00DC61FC /* Bindable.swift in Sources */,
				798E3AC225CF06C300A324E3 /* FAQTableViewCell.swift in Sources */,
				798E3AD725D1AE7600A324E3 /* SnowTextView.swift in Sources */,
				798E3AB625CE018A00A324E3 /* SnowNavigationControllerViewController.swift in Sources */,
				79A0E3FD25CDF4CC004185A0 /* FAQListViewController.swift in Sources */,
				79B4DDC525D2DC9000DC61FC /* FAQRepository.swift in Sources */,
				798E3AD525D1AD9F00A324E3 /* SnowBottomButton.swift in Sources */,
				79B4DDC325D2D7E400DC61FC /* FAQModel.swift in Sources */,
				798E3AD325D19B7B00A324E3 /* NewFAQView.swift in Sources */,
				79B4DDCA25D2EBBF00DC61FC /* NewFAQViewModel.swift in Sources */,
				79A0E3CF25CDF0A7004185A0 /* SceneDelegate.swift in Sources */,
				79941F0825D2F9E300023C42 /* LoadingViewController.swift in Sources */,
				79B4DDC725D2EB9100DC61FC /* FAQListViewModel.swift in Sources */,
				798E3ABB25CEEB0B00A324E3 /* UIFontExtension.swift in Sources */,
				79941F0A25D305EC00023C42 /* UIColorConverter.swift in Sources */,
				798E3ABF25CEFE6A00A324E3 /* SnowButton.swift in Sources */,
				798E3AD125D199DB00A324E3 /* NewFAQViewController.swift in Sources */,
				79A0E40125CDF646004185A0 /* FAQListView.swift in Sources */,
				798E3AD925D1D0B600A324E3 /* SnowColorPickerView.swift in Sources */,
			);
			runOnlyForDeploymentPostprocessing = 0;
		};
		79A0E3DB25CDF0AB004185A0 /* Sources */ = {
			isa = PBXSourcesBuildPhase;
			buildActionMask = 2147483647;
			files = (
				79A0E3E425CDF0AB004185A0 /* FaqFeatureTests.swift in Sources */,
			);
			runOnlyForDeploymentPostprocessing = 0;
		};
		79A0E3E625CDF0AB004185A0 /* Sources */ = {
			isa = PBXSourcesBuildPhase;
			buildActionMask = 2147483647;
			files = (
				79A0E3EF25CDF0AB004185A0 /* FaqFeatureUITests.swift in Sources */,
			);
			runOnlyForDeploymentPostprocessing = 0;
		};
/* End PBXSourcesBuildPhase section */

/* Begin PBXTargetDependency section */
		79A0E3E125CDF0AB004185A0 /* PBXTargetDependency */ = {
			isa = PBXTargetDependency;
			target = 79A0E3C825CDF0A7004185A0 /* FaqFeature */;
			targetProxy = 79A0E3E025CDF0AB004185A0 /* PBXContainerItemProxy */;
		};
		79A0E3EC25CDF0AB004185A0 /* PBXTargetDependency */ = {
			isa = PBXTargetDependency;
			target = 79A0E3C825CDF0A7004185A0 /* FaqFeature */;
			targetProxy = 79A0E3EB25CDF0AB004185A0 /* PBXContainerItemProxy */;
		};
/* End PBXTargetDependency section */

/* Begin PBXVariantGroup section */
		79A0E3D225CDF0A7004185A0 /* Main.storyboard */ = {
			isa = PBXVariantGroup;
			children = (
				79A0E3D325CDF0A7004185A0 /* Base */,
			);
			name = Main.storyboard;
			sourceTree = "<group>";
		};
		79A0E3D725CDF0AB004185A0 /* LaunchScreen.storyboard */ = {
			isa = PBXVariantGroup;
			children = (
				79A0E3D825CDF0AB004185A0 /* Base */,
			);
			name = LaunchScreen.storyboard;
			sourceTree = "<group>";
		};
/* End PBXVariantGroup section */

/* Begin XCBuildConfiguration section */
		79A0E3F125CDF0AB004185A0 /* Debug */ = {
			isa = XCBuildConfiguration;
			buildSettings = {
				ALWAYS_SEARCH_USER_PATHS = NO;
				CLANG_ANALYZER_NONNULL = YES;
				CLANG_ANALYZER_NUMBER_OBJECT_CONVERSION = YES_AGGRESSIVE;
				CLANG_CXX_LANGUAGE_STANDARD = "gnu++14";
				CLANG_CXX_LIBRARY = "libc++";
				CLANG_ENABLE_MODULES = YES;
				CLANG_ENABLE_OBJC_ARC = YES;
				CLANG_ENABLE_OBJC_WEAK = YES;
				CLANG_WARN_BLOCK_CAPTURE_AUTORELEASING = YES;
				CLANG_WARN_BOOL_CONVERSION = YES;
				CLANG_WARN_COMMA = YES;
				CLANG_WARN_CONSTANT_CONVERSION = YES;
				CLANG_WARN_DEPRECATED_OBJC_IMPLEMENTATIONS = YES;
				CLANG_WARN_DIRECT_OBJC_ISA_USAGE = YES_ERROR;
				CLANG_WARN_DOCUMENTATION_COMMENTS = YES;
				CLANG_WARN_EMPTY_BODY = YES;
				CLANG_WARN_ENUM_CONVERSION = YES;
				CLANG_WARN_INFINITE_RECURSION = YES;
				CLANG_WARN_INT_CONVERSION = YES;
				CLANG_WARN_NON_LITERAL_NULL_CONVERSION = YES;
				CLANG_WARN_OBJC_IMPLICIT_RETAIN_SELF = YES;
				CLANG_WARN_OBJC_LITERAL_CONVERSION = YES;
				CLANG_WARN_OBJC_ROOT_CLASS = YES_ERROR;
				CLANG_WARN_RANGE_LOOP_ANALYSIS = YES;
				CLANG_WARN_STRICT_PROTOTYPES = YES;
				CLANG_WARN_SUSPICIOUS_MOVE = YES;
				CLANG_WARN_UNGUARDED_AVAILABILITY = YES_AGGRESSIVE;
				CLANG_WARN_UNREACHABLE_CODE = YES;
				CLANG_WARN__DUPLICATE_METHOD_MATCH = YES;
				COPY_PHASE_STRIP = NO;
				DEBUG_INFORMATION_FORMAT = dwarf;
				ENABLE_STRICT_OBJC_MSGSEND = YES;
				ENABLE_TESTABILITY = YES;
				GCC_C_LANGUAGE_STANDARD = gnu11;
				GCC_DYNAMIC_NO_PIC = NO;
				GCC_NO_COMMON_BLOCKS = YES;
				GCC_OPTIMIZATION_LEVEL = 0;
				GCC_PREPROCESSOR_DEFINITIONS = (
					"DEBUG=1",
					"$(inherited)",
				);
				GCC_WARN_64_TO_32_BIT_CONVERSION = YES;
				GCC_WARN_ABOUT_RETURN_TYPE = YES_ERROR;
				GCC_WARN_UNDECLARED_SELECTOR = YES;
				GCC_WARN_UNINITIALIZED_AUTOS = YES_AGGRESSIVE;
				GCC_WARN_UNUSED_FUNCTION = YES;
				GCC_WARN_UNUSED_VARIABLE = YES;
				IPHONEOS_DEPLOYMENT_TARGET = 13.7;
				MTL_ENABLE_DEBUG_INFO = INCLUDE_SOURCE;
				MTL_FAST_MATH = YES;
				ONLY_ACTIVE_ARCH = YES;
				SDKROOT = iphoneos;
				SWIFT_ACTIVE_COMPILATION_CONDITIONS = DEBUG;
				SWIFT_OPTIMIZATION_LEVEL = "-Onone";
			};
			name = Debug;
		};
		79A0E3F225CDF0AB004185A0 /* Release */ = {
			isa = XCBuildConfiguration;
			buildSettings = {
				ALWAYS_SEARCH_USER_PATHS = NO;
				CLANG_ANALYZER_NONNULL = YES;
				CLANG_ANALYZER_NUMBER_OBJECT_CONVERSION = YES_AGGRESSIVE;
				CLANG_CXX_LANGUAGE_STANDARD = "gnu++14";
				CLANG_CXX_LIBRARY = "libc++";
				CLANG_ENABLE_MODULES = YES;
				CLANG_ENABLE_OBJC_ARC = YES;
				CLANG_ENABLE_OBJC_WEAK = YES;
				CLANG_WARN_BLOCK_CAPTURE_AUTORELEASING = YES;
				CLANG_WARN_BOOL_CONVERSION = YES;
				CLANG_WARN_COMMA = YES;
				CLANG_WARN_CONSTANT_CONVERSION = YES;
				CLANG_WARN_DEPRECATED_OBJC_IMPLEMENTATIONS = YES;
				CLANG_WARN_DIRECT_OBJC_ISA_USAGE = YES_ERROR;
				CLANG_WARN_DOCUMENTATION_COMMENTS = YES;
				CLANG_WARN_EMPTY_BODY = YES;
				CLANG_WARN_ENUM_CONVERSION = YES;
				CLANG_WARN_INFINITE_RECURSION = YES;
				CLANG_WARN_INT_CONVERSION = YES;
				CLANG_WARN_NON_LITERAL_NULL_CONVERSION = YES;
				CLANG_WARN_OBJC_IMPLICIT_RETAIN_SELF = YES;
				CLANG_WARN_OBJC_LITERAL_CONVERSION = YES;
				CLANG_WARN_OBJC_ROOT_CLASS = YES_ERROR;
				CLANG_WARN_RANGE_LOOP_ANALYSIS = YES;
				CLANG_WARN_STRICT_PROTOTYPES = YES;
				CLANG_WARN_SUSPICIOUS_MOVE = YES;
				CLANG_WARN_UNGUARDED_AVAILABILITY = YES_AGGRESSIVE;
				CLANG_WARN_UNREACHABLE_CODE = YES;
				CLANG_WARN__DUPLICATE_METHOD_MATCH = YES;
				COPY_PHASE_STRIP = NO;
				DEBUG_INFORMATION_FORMAT = "dwarf-with-dsym";
				ENABLE_NS_ASSERTIONS = NO;
				ENABLE_STRICT_OBJC_MSGSEND = YES;
				GCC_C_LANGUAGE_STANDARD = gnu11;
				GCC_NO_COMMON_BLOCKS = YES;
				GCC_WARN_64_TO_32_BIT_CONVERSION = YES;
				GCC_WARN_ABOUT_RETURN_TYPE = YES_ERROR;
				GCC_WARN_UNDECLARED_SELECTOR = YES;
				GCC_WARN_UNINITIALIZED_AUTOS = YES_AGGRESSIVE;
				GCC_WARN_UNUSED_FUNCTION = YES;
				GCC_WARN_UNUSED_VARIABLE = YES;
				IPHONEOS_DEPLOYMENT_TARGET = 13.7;
				MTL_ENABLE_DEBUG_INFO = NO;
				MTL_FAST_MATH = YES;
				SDKROOT = iphoneos;
				SWIFT_COMPILATION_MODE = wholemodule;
				SWIFT_OPTIMIZATION_LEVEL = "-O";
				VALIDATE_PRODUCT = YES;
			};
			name = Release;
		};
		79A0E3F425CDF0AB004185A0 /* Debug */ = {
			isa = XCBuildConfiguration;
			baseConfigurationReference = 420716BCBB37E672E87828AA /* Pods-FaqFeature.debug.xcconfig */;
			buildSettings = {
				ASSETCATALOG_COMPILER_APPICON_NAME = AppIcon;
				CODE_SIGN_STYLE = Automatic;
				INFOPLIST_FILE = FaqFeature/Info.plist;
				LD_RUNPATH_SEARCH_PATHS = (
					"$(inherited)",
					"@executable_path/Frameworks",
				);
				PRODUCT_BUNDLE_IDENTIFIER = Islas.FaqFeature;
				PRODUCT_NAME = "$(TARGET_NAME)";
				SWIFT_VERSION = 5.0;
				TARGETED_DEVICE_FAMILY = "1,2";
			};
			name = Debug;
		};
		79A0E3F525CDF0AB004185A0 /* Release */ = {
			isa = XCBuildConfiguration;
			baseConfigurationReference = 5EAC88B2E0BFD60039A272E4 /* Pods-FaqFeature.release.xcconfig */;
			buildSettings = {
				ASSETCATALOG_COMPILER_APPICON_NAME = AppIcon;
				CODE_SIGN_STYLE = Automatic;
				INFOPLIST_FILE = FaqFeature/Info.plist;
				LD_RUNPATH_SEARCH_PATHS = (
					"$(inherited)",
					"@executable_path/Frameworks",
				);
				PRODUCT_BUNDLE_IDENTIFIER = Islas.FaqFeature;
				PRODUCT_NAME = "$(TARGET_NAME)";
				SWIFT_VERSION = 5.0;
				TARGETED_DEVICE_FAMILY = "1,2";
			};
			name = Release;
		};
		79A0E3F725CDF0AB004185A0 /* Debug */ = {
			isa = XCBuildConfiguration;
			baseConfigurationReference = 672782179ED4F292B189B4BB /* Pods-FaqFeatureTests.debug.xcconfig */;
			buildSettings = {
				ALWAYS_EMBED_SWIFT_STANDARD_LIBRARIES = YES;
				BUNDLE_LOADER = "$(TEST_HOST)";
				CODE_SIGN_STYLE = Automatic;
				INFOPLIST_FILE = FaqFeatureTests/Info.plist;
				IPHONEOS_DEPLOYMENT_TARGET = 13.7;
				LD_RUNPATH_SEARCH_PATHS = (
					"$(inherited)",
					"@executable_path/Frameworks",
					"@loader_path/Frameworks",
				);
				PRODUCT_BUNDLE_IDENTIFIER = Islas.FaqFeatureTests;
				PRODUCT_NAME = "$(TARGET_NAME)";
				SWIFT_VERSION = 5.0;
				TARGETED_DEVICE_FAMILY = "1,2";
				TEST_HOST = "$(BUILT_PRODUCTS_DIR)/FaqFeature.app/FaqFeature";
			};
			name = Debug;
		};
		79A0E3F825CDF0AB004185A0 /* Release */ = {
			isa = XCBuildConfiguration;
			baseConfigurationReference = 312E5519A4BCEDC91039B90E /* Pods-FaqFeatureTests.release.xcconfig */;
			buildSettings = {
				ALWAYS_EMBED_SWIFT_STANDARD_LIBRARIES = YES;
				BUNDLE_LOADER = "$(TEST_HOST)";
				CODE_SIGN_STYLE = Automatic;
				INFOPLIST_FILE = FaqFeatureTests/Info.plist;
				IPHONEOS_DEPLOYMENT_TARGET = 13.7;
				LD_RUNPATH_SEARCH_PATHS = (
					"$(inherited)",
					"@executable_path/Frameworks",
					"@loader_path/Frameworks",
				);
				PRODUCT_BUNDLE_IDENTIFIER = Islas.FaqFeatureTests;
				PRODUCT_NAME = "$(TARGET_NAME)";
				SWIFT_VERSION = 5.0;
				TARGETED_DEVICE_FAMILY = "1,2";
				TEST_HOST = "$(BUILT_PRODUCTS_DIR)/FaqFeature.app/FaqFeature";
			};
			name = Release;
		};
		79A0E3FA25CDF0AB004185A0 /* Debug */ = {
			isa = XCBuildConfiguration;
			baseConfigurationReference = BF1D1DA9B92AE0BC117E9BFF /* Pods-FaqFeature-FaqFeatureUITests.debug.xcconfig */;
			buildSettings = {
				ALWAYS_EMBED_SWIFT_STANDARD_LIBRARIES = YES;
				CODE_SIGN_STYLE = Automatic;
				INFOPLIST_FILE = FaqFeatureUITests/Info.plist;
				LD_RUNPATH_SEARCH_PATHS = (
					"$(inherited)",
					"@executable_path/Frameworks",
					"@loader_path/Frameworks",
				);
				PRODUCT_BUNDLE_IDENTIFIER = Islas.FaqFeatureUITests;
				PRODUCT_NAME = "$(TARGET_NAME)";
				SWIFT_VERSION = 5.0;
				TARGETED_DEVICE_FAMILY = "1,2";
				TEST_TARGET_NAME = FaqFeature;
			};
			name = Debug;
		};
		79A0E3FB25CDF0AB004185A0 /* Release */ = {
			isa = XCBuildConfiguration;
			baseConfigurationReference = EC817141E0ECFABC2CCD2F6F /* Pods-FaqFeature-FaqFeatureUITests.release.xcconfig */;
			buildSettings = {
				ALWAYS_EMBED_SWIFT_STANDARD_LIBRARIES = YES;
				CODE_SIGN_STYLE = Automatic;
				INFOPLIST_FILE = FaqFeatureUITests/Info.plist;
				LD_RUNPATH_SEARCH_PATHS = (
					"$(inherited)",
					"@executable_path/Frameworks",
					"@loader_path/Frameworks",
				);
				PRODUCT_BUNDLE_IDENTIFIER = Islas.FaqFeatureUITests;
				PRODUCT_NAME = "$(TARGET_NAME)";
				SWIFT_VERSION = 5.0;
				TARGETED_DEVICE_FAMILY = "1,2";
				TEST_TARGET_NAME = FaqFeature;
			};
			name = Release;
		};
/* End XCBuildConfiguration section */

/* Begin XCConfigurationList section */
		79A0E3C425CDF0A7004185A0 /* Build configuration list for PBXProject "FaqFeature" */ = {
			isa = XCConfigurationList;
			buildConfigurations = (
				79A0E3F125CDF0AB004185A0 /* Debug */,
				79A0E3F225CDF0AB004185A0 /* Release */,
			);
			defaultConfigurationIsVisible = 0;
			defaultConfigurationName = Release;
		};
		79A0E3F325CDF0AB004185A0 /* Build configuration list for PBXNativeTarget "FaqFeature" */ = {
			isa = XCConfigurationList;
			buildConfigurations = (
				79A0E3F425CDF0AB004185A0 /* Debug */,
				79A0E3F525CDF0AB004185A0 /* Release */,
			);
			defaultConfigurationIsVisible = 0;
			defaultConfigurationName = Release;
		};
		79A0E3F625CDF0AB004185A0 /* Build configuration list for PBXNativeTarget "FaqFeatureTests" */ = {
			isa = XCConfigurationList;
			buildConfigurations = (
				79A0E3F725CDF0AB004185A0 /* Debug */,
				79A0E3F825CDF0AB004185A0 /* Release */,
			);
			defaultConfigurationIsVisible = 0;
			defaultConfigurationName = Release;
		};
		79A0E3F925CDF0AB004185A0 /* Build configuration list for PBXNativeTarget "FaqFeatureUITests" */ = {
			isa = XCConfigurationList;
			buildConfigurations = (
				79A0E3FA25CDF0AB004185A0 /* Debug */,
				79A0E3FB25CDF0AB004185A0 /* Release */,
			);
			defaultConfigurationIsVisible = 0;
			defaultConfigurationName = Release;
		};
/* End XCConfigurationList section */
	};
	rootObject = 79A0E3C125CDF0A7004185A0 /* Project object */;
}
